
Microsoft Visual Studio Solution File, Format Version 12.00
# Visual Studio Version 16
VisualStudioVersion = 16.0.29230.47
MinimumVisualStudioVersion = 10.0.40219.1
Project("{FAE04EC0-301F-11D3-BF4B-00C04F79EFBC}") = "SecondHandSuccess2", "SecondHandSuccess2.csproj", "{ACF28751-6D99-4DBA-9518-06DB062DD5BF}"
EndProject
Global
	GlobalSection(SolutionConfigurationPlatforms) = preSolution
		Debug|Any CPU = Debug|Any CPU
		Release|Any CPU = Release|Any CPU
	EndGlobalSection
	GlobalSection(ProjectConfigurationPlatforms) = postSolution
		{ACF28751-6D99-4DBA-9518-06DB062DD5BF}.Debug|Any CPU.ActiveCfg = Debug|Any CPU
		{ACF28751-6D99-4DBA-9518-06DB062DD5BF}.Debug|Any CPU.Build.0 = Debug|Any CPU
		{ACF28751-6D99-4DBA-9518-06DB062DD5BF}.Release|Any CPU.ActiveCfg = Release|Any CPU
		{ACF28751-6D99-4DBA-9518-06DB062DD5BF}.Release|Any CPU.Build.0 = Release|Any CPU
	EndGlobalSection
	GlobalSection(SolutionProperties) = preSolution
		HideSolutionNode = FALSE
	EndGlobalSection
	GlobalSection(ExtensibilityGlobals) = postSolution
		SolutionGuid = {99AA3C1E-4772-42AE-AF37-55FE3FEBEBCB}
	EndGlobalSection
EndGlobal
